dependencies:
- name: kafka
  repository: https://charts.bitnami.com/bitnami
  version: 21.4.0
- name: prometheus
  repository: https://prometheus-community.github.io/helm-charts
  version: 19.7.2
- name: grafana
  repository: https://grafana.github.io/helm-charts
  version: 6.52.4
- name: opentelemetry-collector
  repository: https://open-telemetry.github.io/opentelemetry-helm-charts
  version: 0.4.1
- name: jaeger-all-in-one
  repository: ""
  version: "0.1"
- name: seldon-core-v2-setup
  repository: ""
  version: 2.7.0-rc1
- name: seldon-core-v2-runtime
  repository: ""
  version: 2.7.0-rc1
digest: sha256:80fb0245da5278d1c509c403fbcceb00c303e3afa8d5586f44a8852937308d32
generated: "2023-08-24T16:12:27.777347139+01:00"
